// !$*UTF8*$!
{
	archiveVersion = 1;
	classes = {
	};
	objectVersion = 46;
	objects = {

/* Begin PBXBuildFile section */
		A7AE7A6D187D56DB000CD2A6 /* UIKit.framework in Frameworks */ = {isa = PBXBuildFile; fileRef = A7AE7A6C187D56DB000CD2A6 /* UIKit.framework */; };
		A7AE7A6F187D56DB000CD2A6 /* Foundation.framework in Frameworks */ = {isa = PBXBuildFile; fileRef = A7AE7A6E187D56DB000CD2A6 /* Foundation.framework */; };
		A7AE7A71187D56DB000CD2A6 /* CoreGraphics.framework in Frameworks */ = {isa = PBXBuildFile; fileRef = A7AE7A70187D56DB000CD2A6 /* CoreGraphics.framework */; };
		A7AE7A77187D56DB000CD2A6 /* InfoPlist.strings in Resources */ = {isa = PBXBuildFile; fileRef = A7AE7A75187D56DB000CD2A6 /* InfoPlist.strings */; };
		A7AE7A79187D56DB000CD2A6 /* main.m in Sources */ = {isa = PBXBuildFile; fileRef = A7AE7A78187D56DB000CD2A6 /* main.m */; };
		A7AE7A7D187D56DB000CD2A6 /* RXLAppDelegate.m in Sources */ = {isa = PBXBuildFile; fileRef = A7AE7A7C187D56DB000CD2A6 /* RXLAppDelegate.m */; };
		A7AE7A7F187D56DB000CD2A6 /* Default.png in Resources */ = {isa = PBXBuildFile; fileRef = A7AE7A7E187D56DB000CD2A6 /* Default.png */; };
		A7AE7A81187D56DB000CD2A6 /* Default@2x.png in Resources */ = {isa = PBXBuildFile; fileRef = A7AE7A80187D56DB000CD2A6 /* Default@2x.png */; };
		A7AE7A83187D56DB000CD2A6 /* Default-568h@2x.png in Resources */ = {isa = PBXBuildFile; fileRef = A7AE7A82187D56DB000CD2A6 /* Default-568h@2x.png */; };
		A7AE7A8B187D56EE000CD2A6 /* MainViewController.m in Sources */ = {isa = PBXBuildFile; fileRef = A7AE7A8A187D56EE000CD2A6 /* MainViewController.m */; };
		A7AE7A8D187D756B000CD2A6 /* 11111.png in Resources */ = {isa = PBXBuildFile; fileRef = A7AE7A8C187D756B000CD2A6 /* 11111.png */; };
		A7AE7A8F187D7741000CD2A6 /* aa.png in Resources */ = {isa = PBXBuildFile; fileRef = A7AE7A8E187D7741000CD2A6 /* aa.png */; };
/* End PBXBuildFile section */

/* Begin PBXFileReference section */
		A7AE7A69187D56DB000CD2A6 /* TableviewSearch.app */ = {isa = PBXFileReference; explicitFileType = wrapper.application; includeInIndex = 0; path = TableviewSearch.app; sourceTree = BUILT_PRODUCTS_DIR; };
		A7AE7A6C187D56DB000CD2A6 /* UIKit.framework */ = {isa = PBXFileReference; lastKnownFileType = wrapper.framework; name = UIKit.framework; path = System/Library/Frameworks/UIKit.framework; sourceTree = SDKROOT; };
		A7AE7A6E187D56DB000CD2A6 /* Foundation.framework */ = {isa = PBXFileReference; lastKnownFileType = wrapper.framework; name = Foundation.framework; path = System/Library/Frameworks/Foundation.framework; sourceTree = SDKROOT; };
		A7AE7A70187D56DB000CD2A6 /* CoreGraphics.framework */ = {isa = PBXFileReference; lastKnownFileType = wrapper.framework; name = CoreGraphics.framework; path = System/Library/Frameworks/CoreGraphics.framework; sourceTree = SDKROOT; };
		A7AE7A74187D56DB000CD2A6 /* TableviewSearch-Info.plist */ = {isa = PBXFileReference; lastKnownFileType = text.plist.xml; path = "TableviewSearch-Info.plist"; sourceTree = "<group>"; };
		A7AE7A76187D56DB000CD2A6 /* en */ = {isa = PBXFileReference; lastKnownFileType = text.plist.strings; name = en; path = en.lproj/InfoPlist.strings; sourceTree = "<group>"; };
		A7AE7A78187D56DB000CD2A6 /* main.m */ = {isa = PBXFileReference; lastKnownFileType = sourcecode.c.objc; path = main.m; sourceTree = "<group>"; };
		A7AE7A7A187D56DB000CD2A6 /* TableviewSearch-Prefix.pch */ = {isa = PBXFileReference; lastKnownFileType = sourcecode.c.h; path = "TableviewSearch-Prefix.pch"; sourceTree = "<group>"; };
		A7AE7A7B187D56DB000CD2A6 /* RXLAppDelegate.h */ = {isa = PBXFileReference; lastKnownFileType = sourcecode.c.h; path = RXLAppDelegate.h; sourceTree = "<group>"; };
		A7AE7A7C187D56DB000CD2A6 /* RXLAppDelegate.m */ = {isa = PBXFileReference; lastKnownFileType = sourcecode.c.objc; path = RXLAppDelegate.m; sourceTree = "<group>"; };
		A7AE7A7E187D56DB000CD2A6 /* Default.png */ = {isa = PBXFileReference; lastKnownFileType = image.png; path = Default.png; sourceTree = "<group>"; };
		A7AE7A80187D56DB000CD2A6 /* Default@2x.png */ = {isa = PBXFileReference; lastKnownFileType = image.png; path = "Default@2x.png"; sourceTree = "<group>"; };
		A7AE7A82187D56DB000CD2A6 /* Default-568h@2x.png */ = {isa = PBXFileReference; lastKnownFileType = image.png; path = "Default-568h@2x.png"; sourceTree = "<group>"; };
		A7AE7A89187D56EE000CD2A6 /* MainViewController.h */ = {isa = PBXFileReference; fileEncoding = 4; lastKnownFileType = sourcecode.c.h; path = MainViewController.h; sourceTree = "<group>"; };
		A7AE7A8A187D56EE000CD2A6 /* MainViewController.m */ = {isa = PBXFileReference; fileEncoding = 4; lastKnownFileType = sourcecode.c.objc; path = MainViewController.m; sourceTree = "<group>"; };
		A7AE7A8C187D756B000CD2A6 /* 11111.png */ = {isa = PBXFileReference; lastKnownFileType = image.png; path = 11111.png; sourceTree = "<group>"; };
		A7AE7A8E187D7741000CD2A6 /* aa.png */ = {isa = PBXFileReference; lastKnownFileType = image.png; path = aa.png; sourceTree = "<group>"; };
/* End PBXFileReference section */

/* Begin PBXFrameworksBuildPhase section */
		A7AE7A66187D56DB000CD2A6 /* Frameworks */ = {
			isa = PBXFrameworksBuildPhase;
			buildActionMask = 2147483647;
			files = (
				A7AE7A6D187D56DB000CD2A6 /* UIKit.framework in Frameworks */,
				A7AE7A6F187D56DB000CD2A6 /* Foundation.framework in Frameworks */,
				A7AE7A71187D56DB000CD2A6 /* CoreGraphics.framework in Frameworks */,
			);
			runOnlyForDeploymentPostprocessing = 0;
		};
/* End PBXFrameworksBuildPhase section */

/* Begin PBXGroup section */
		A7AE7A60187D56DB000CD2A6 = {
			isa = PBXGroup;
			children = (
				A7AE7A8E187D7741000CD2A6 /* aa.png */,
				A7AE7A8C187D756B000CD2A6 /* 11111.png */,
				A7AE7A72187D56DB000CD2A6 /* TableviewSearch */,
				A7AE7A6B187D56DB000CD2A6 /* Frameworks */,
				A7AE7A6A187D56DB000CD2A6 /* Products */,
			);
			sourceTree = "<group>";
		};
		A7AE7A6A187D56DB000CD2A6 /* Products */ = {
			isa = PBXGroup;
			children = (
				A7AE7A69187D56DB000CD2A6 /* TableviewSearch.app */,
			);
			name = Products;
			sourceTree = "<group>";
		};
		A7AE7A6B187D56DB000CD2A6 /* Frameworks */ = {
			isa = PBXGroup;
			children = (
				A7AE7A6C187D56DB000CD2A6 /* UIKit.framework */,
				A7AE7A6E187D56DB000CD2A6 /* Foundation.framework */,
				A7AE7A70187D56DB000CD2A6 /* CoreGraphics.framework */,
			);
			name = Frameworks;
			sourceTree = "<group>";
		};
		A7AE7A72187D56DB000CD2A6 /* TableviewSearch */ = {
			isa = PBXGroup;
			children = (
				A7AE7A7B187D56DB000CD2A6 /* RXLAppDelegate.h */,
				A7AE7A7C187D56DB000CD2A6 /* RXLAppDelegate.m */,
				A7AE7A89187D56EE000CD2A6 /* MainViewController.h */,
				A7AE7A8A187D56EE000CD2A6 /* MainViewController.m */,
				A7AE7A73187D56DB000CD2A6 /* Supporting Files */,
			);
			path = TableviewSearch;
			sourceTree = "<group>";
		};
		A7AE7A73187D56DB000CD2A6 /* Supporting Files */ = {
			isa = PBXGroup;
			children = (
				A7AE7A74187D56DB000CD2A6 /* TableviewSearch-Info.plist */,
				A7AE7A75187D56DB000CD2A6 /* InfoPlist.strings */,
				A7AE7A78187D56DB000CD2A6 /* main.m */,
				A7AE7A7A187D56DB000CD2A6 /* TableviewSearch-Prefix.pch */,
				A7AE7A7E187D56DB000CD2A6 /* Default.png */,
				A7AE7A80187D56DB000CD2A6 /* Default@2x.png */,
				A7AE7A82187D56DB000CD2A6 /* Default-568h@2x.png */,
			);
			name = "Supporting Files";
			sourceTree = "<group>";
		};
/* End PBXGroup section */

/* Begin PBXNativeTarget section */
		A7AE7A68187D56DB000CD2A6 /* TableviewSearch */ = {
			isa = PBXNativeTarget;
			buildConfigurationList = A7AE7A86187D56DB000CD2A6 /* Build configuration list for PBXNativeTarget "TableviewSearch" */;
			buildPhases = (
				A7AE7A65187D56DB000CD2A6 /* Sources */,
				A7AE7A66187D56DB000CD2A6 /* Frameworks */,
				A7AE7A67187D56DB000CD2A6 /* Resources */,
			);
			buildRules = (
			);
			dependencies = (
			);
			name = TableviewSearch;
			productName = TableviewSearch;
			productReference = A7AE7A69187D56DB000CD2A6 /* TableviewSearch.app */;
			productType = "com.apple.product-type.application";
		};
/* End PBXNativeTarget section */

/* Begin PBXProject section */
		A7AE7A61187D56DB000CD2A6 /* Project object */ = {
			isa = PBXProject;
			attributes = {
				CLASSPREFIX = RXL;
				LastUpgradeCheck = 0460;
				ORGANIZATIONNAME = "任小林";
			};
			buildConfigurationList = A7AE7A64187D56DB000CD2A6 /* Build configuration list for PBXProject "TableviewSearch" */;
			compatibilityVersion = "Xcode 3.2";
			developmentRegion = English;
			hasScannedForEncodings = 0;
			knownRegions = (
				en,
			);
			mainGroup = A7AE7A60187D56DB000CD2A6;
			productRefGroup = A7AE7A6A187D56DB000CD2A6 /* Products */;
			projectDirPath = "";
			projectRoot = "";
			targets = (
				A7AE7A68187D56DB000CD2A6 /* TableviewSearch */,
			);
		};
/* End PBXProject section */

/* Begin PBXResourcesBuildPhase section */
		A7AE7A67187D56DB000CD2A6 /* Resources */ = {
			isa = PBXResourcesBuildPhase;
			buildActionMask = 2147483647;
			files = (
				A7AE7A77187D56DB000CD2A6 /* InfoPlist.strings in Resources */,
				A7AE7A7F187D56DB000CD2A6 /* Default.png in Resources */,
				A7AE7A81187D56DB000CD2A6 /* Default@2x.png in Resources */,
				A7AE7A83187D56DB000CD2A6 /* Default-568h@2x.png in Resources */,
				A7AE7A8D187D756B000CD2A6 /* 11111.png in Resources */,
				A7AE7A8F187D7741000CD2A6 /* aa.png in Resources */,
			);
			runOnlyForDeploymentPostprocessing = 0;
		};
/* End PBXResourcesBuildPhase section */

/* Begin PBXSourcesBuildPhase section */
		A7AE7A65187D56DB000CD2A6 /* Sources */ = {
			isa = PBXSourcesBuildPhase;
			buildActionMask = 2147483647;
			files = (
				A7AE7A79187D56DB000CD2A6 /* main.m in Sources */,
				A7AE7A7D187D56DB000CD2A6 /* RXLAppDelegate.m in Sources */,
				A7AE7A8B187D56EE000CD2A6 /* MainViewController.m in Sources */,
			);
			runOnlyForDeploymentPostprocessing = 0;
		};
/* End PBXSourcesBuildPhase section */

/* Begin PBXVariantGroup section */
		A7AE7A75187D56DB000CD2A6 /* InfoPlist.strings */ = {
			isa = PBXVariantGroup;
			children = (
				A7AE7A76187D56DB000CD2A6 /* en */,
			);
			name = InfoPlist.strings;
			sourceTree = "<group>";
		};
/* End PBXVariantGroup section */

/* Begin XCBuildConfiguration section */
		A7AE7A84187D56DB000CD2A6 /* Debug */ = {
			isa = XCBuildConfiguration;
			buildSettings = {
				ALWAYS_SEARCH_USER_PATHS = NO;
				CLANG_CXX_LANGUAGE_STANDARD = "gnu++0x";
				CLANG_CXX_LIBRARY = "libc++";
				CLANG_WARN_CONSTANT_CONVERSION = YES;
				CLANG_WARN_EMPTY_BODY = YES;
				CLANG_WARN_ENUM_CONVERSION = YES;
				CLANG_WARN_INT_CONVERSION = YES;
				CLANG_WARN__DUPLICATE_METHOD_MATCH = YES;
				"CODE_SIGN_IDENTITY[sdk=iphoneos*]" = "iPhone Developer";
				COPY_PHASE_STRIP = NO;
				GCC_C_LANGUAGE_STANDARD = gnu99;
				GCC_DYNAMIC_NO_PIC = NO;
				GCC_OPTIMIZATION_LEVEL = 0;
				GCC_PREPROCESSOR_DEFINITIONS = (
					"DEBUG=1",
					"$(inherited)",
				);
				GCC_SYMBOLS_PRIVATE_EXTERN = NO;
				GCC_WARN_ABOUT_RETURN_TYPE = YES;
				GCC_WARN_UNINITIALIZED_AUTOS = YES;
				GCC_WARN_UNUSED_VARIABLE = YES;
				IPHONEOS_DEPLOYMENT_TARGET = 6.1;
				ONLY_ACTIVE_ARCH = YES;
				SDKROOT = iphoneos;
			};
			name = Debug;
		};
		A7AE7A85187D56DB000CD2A6 /* Release */ = {
			isa = XCBuildConfiguration;
			buildSettings = {
				ALWAYS_SEARCH_USER_PATHS = NO;
				CLANG_CXX_LANGUAGE_STANDARD = "gnu++0x";
				CLANG_CXX_LIBRARY = "libc++";
				CLANG_WARN_CONSTANT_CONVERSION = YES;
				CLANG_WARN_EMPTY_BODY = YES;
				CLANG_WARN_ENUM_CONVERSION = YES;
				CLANG_WARN_INT_CONVERSION = YES;
				CLANG_WARN__DUPLICATE_METHOD_MATCH = YES;
				"CODE_SIGN_IDENTITY[sdk=iphoneos*]" = "iPhone Developer";
				COPY_PHASE_STRIP = YES;
				GCC_C_LANGUAGE_STANDARD = gnu99;
				GCC_WARN_ABOUT_RETURN_TYPE = YES;
				GCC_WARN_UNINITIALIZED_AUTOS = YES;
				GCC_WARN_UNUSED_VARIABLE = YES;
				IPHONEOS_DEPLOYMENT_TARGET = 6.1;
				OTHER_CFLAGS = "-DNS_BLOCK_ASSERTIONS=1";
				SDKROOT = iphoneos;
				VALIDATE_PRODUCT = YES;
			};
			name = Release;
		};
		A7AE7A87187D56DB000CD2A6 /* Debug */ = {
			isa = XCBuildConfiguration;
			buildSettings = {
				GCC_PRECOMPILE_PREFIX_HEADER = YES;
				GCC_PREFIX_HEADER = "TableviewSearch/TableviewSearch-Prefix.pch";
				INFOPLIST_FILE = "TableviewSearch/TableviewSearch-Info.plist";
				PRODUCT_NAME = "$(TARGET_NAME)";
				WRAPPER_EXTENSION = app;
			};
			name = Debug;
		};
		A7AE7A88187D56DB000CD2A6 /* Release */ = {
			isa = XCBuildConfiguration;
			buildSettings = {
				GCC_PRECOMPILE_PREFIX_HEADER = YES;
				GCC_PREFIX_HEADER = "TableviewSearch/TableviewSearch-Prefix.pch";
				INFOPLIST_FILE = "TableviewSearch/TableviewSearch-Info.plist";
				PRODUCT_NAME = "$(TARGET_NAME)";
				WRAPPER_EXTENSION = app;
			};
			name = Release;
		};
/* End XCBuildConfiguration section */

/* Begin XCConfigurationList section */
		A7AE7A64187D56DB000CD2A6 /* Build configuration list for PBXProject "TableviewSearch" */ = {
			isa = XCConfigurationList;
			buildConfigurations = (
				A7AE7A84187D56DB000CD2A6 /* Debug */,
				A7AE7A85187D56DB000CD2A6 /* Release */,
			);
			defaultConfigurationIsVisible = 0;
			defaultConfigurationName = Release;
		};
		A7AE7A86187D56DB000CD2A6 /* Build configuration list for PBXNativeTarget "TableviewSearch" */ = {
			isa = XCConfigurationList;
			buildConfigurations = (
				A7AE7A87187D56DB000CD2A6 /* Debug */,
				A7AE7A88187D56DB000CD2A6 /* Release */,
			);
			defaultConfigurationIsVisible = 0;
		};
/* End XCConfigurationList section */
	};
	rootObject = A7AE7A61187D56DB000CD2A6 /* Project object */;
}
